// !$*UTF8*$!
{
	archiveVersion = 1;
	classes = {
	};
	objectVersion = 56;
	objects = {

/* Begin PBXBuildFile section */
		7555BAE42C90B31900371FEB /* landmarkData.json in Resources */ = {isa = PBXBuildFile; fileRef = 7555BAE32C90B31900371FEB /* landmarkData.json */; };
		7555BAE62C90B6E200371FEB /* FavoriteButton.swift in Sources */ = {isa = PBXBuildFile; fileRef = 7555BAE52C90B6E200371FEB /* FavoriteButton.swift */; };
		757F2EC02C9090A100D26A23 /* LandmarksApp.swift in Sources */ = {isa = PBXBuildFile; fileRef = 757F2EBF2C9090A100D26A23 /* LandmarksApp.swift */; };
		757F2EC22C9090A100D26A23 /* ContentView.swift in Sources */ = {isa = PBXBuildFile; fileRef = 757F2EC12C9090A100D26A23 /* ContentView.swift */; };
		757F2EC42C9090A400D26A23 /* Assets.xcassets in Resources */ = {isa = PBXBuildFile; fileRef = 757F2EC32C9090A400D26A23 /* Assets.xcassets */; };
		757F2EC72C9090A400D26A23 /* Preview Assets.xcassets in Resources */ = {isa = PBXBuildFile; fileRef = 757F2EC62C9090A400D26A23 /* Preview Assets.xcassets */; };
		757F2ECE2C90922500D26A23 /* CircleImage.swift in Sources */ = {isa = PBXBuildFile; fileRef = 757F2ECD2C90922500D26A23 /* CircleImage.swift */; };
		757F2ED02C9092B100D26A23 /* MapView.swift in Sources */ = {isa = PBXBuildFile; fileRef = 757F2ECF2C9092B100D26A23 /* MapView.swift */; };
		757F2ED42C9094AE00D26A23 /* Landmark.swift in Sources */ = {isa = PBXBuildFile; fileRef = 757F2ED32C9094AE00D26A23 /* Landmark.swift */; };
		757F2ED62C9095ED00D26A23 /* ModelData.swift in Sources */ = {isa = PBXBuildFile; fileRef = 757F2ED52C9095ED00D26A23 /* ModelData.swift */; };
		757F2EDC2C90968500D26A23 /* LandmarkRow.swift in Sources */ = {isa = PBXBuildFile; fileRef = 757F2EDB2C90968500D26A23 /* LandmarkRow.swift */; };
		757F2EDE2C90971200D26A23 /* LandmarkList.swift in Sources */ = {isa = PBXBuildFile; fileRef = 757F2EDD2C90971200D26A23 /* LandmarkList.swift */; };
		757F2EE02C90977C00D26A23 /* LandmarkDetail.swift in Sources */ = {isa = PBXBuildFile; fileRef = 757F2EDF2C90977C00D26A23 /* LandmarkDetail.swift */; };
		75D8BD682C918FA100BDE17A /* CategoryHome.swift in Sources */ = {isa = PBXBuildFile; fileRef = 75D8BD672C918FA100BDE17A /* CategoryHome.swift */; };
		75D8BD6A2C91921B00BDE17A /* CategoryRow.swift in Sources */ = {isa = PBXBuildFile; fileRef = 75D8BD692C91921B00BDE17A /* CategoryRow.swift */; };
		75D8BD6C2C91938400BDE17A /* CategoryItem.swift in Sources */ = {isa = PBXBuildFile; fileRef = 75D8BD6B2C91938300BDE17A /* CategoryItem.swift */; };
		75D8BD6E2C919FE900BDE17A /* ProfileHost.swift in Sources */ = {isa = PBXBuildFile; fileRef = 75D8BD6D2C919FE900BDE17A /* ProfileHost.swift */; };
		75D8BD702C91A01300BDE17A /* Profile.swift in Sources */ = {isa = PBXBuildFile; fileRef = 75D8BD6F2C91A01300BDE17A /* Profile.swift */; };
		75D8BD722C91A07500BDE17A /* ProfileSummary.swift in Sources */ = {isa = PBXBuildFile; fileRef = 75D8BD712C91A07500BDE17A /* ProfileSummary.swift */; };
		75D8BD742C91A2DE00BDE17A /* ProfileEditor.swift in Sources */ = {isa = PBXBuildFile; fileRef = 75D8BD732C91A2DE00BDE17A /* ProfileEditor.swift */; };
		75D8BD762C91A8EA00BDE17A /* TextOverlay.swift in Sources */ = {isa = PBXBuildFile; fileRef = 75D8BD752C91A8EA00BDE17A /* TextOverlay.swift */; };
/* End PBXBuildFile section */

/* Begin PBXFileReference section */
		7555BAE32C90B31900371FEB /* landmarkData.json */ = {isa = PBXFileReference; fileEncoding = 4; lastKnownFileType = text.json; path = landmarkData.json; sourceTree = "<group>"; };
		7555BAE52C90B6E200371FEB /* FavoriteButton.swift */ = {isa = PBXFileReference; lastKnownFileType = sourcecode.swift; path = FavoriteButton.swift; sourceTree = "<group>"; };
		757F2EBC2C9090A100D26A23 /* Landmarks.app */ = {isa = PBXFileReference; explicitFileType = wrapper.application; includeInIndex = 0; path = Landmarks.app; sourceTree = BUILT_PRODUCTS_DIR; };
		757F2EBF2C9090A100D26A23 /* LandmarksApp.swift */ = {isa = PBXFileReference; lastKnownFileType = sourcecode.swift; path = LandmarksApp.swift; sourceTree = "<group>"; };
		757F2EC12C9090A100D26A23 /* ContentView.swift */ = {isa = PBXFileReference; lastKnownFileType = sourcecode.swift; path = ContentView.swift; sourceTree = "<group>"; };
		757F2EC32C9090A400D26A23 /* Assets.xcassets */ = {isa = PBXFileReference; lastKnownFileType = folder.assetcatalog; path = Assets.xcassets; sourceTree = "<group>"; };
		757F2EC62C9090A400D26A23 /* Preview Assets.xcassets */ = {isa = PBXFileReference; lastKnownFileType = folder.assetcatalog; path = "Preview Assets.xcassets"; sourceTree = "<group>"; };
		757F2ECD2C90922500D26A23 /* CircleImage.swift */ = {isa = PBXFileReference; lastKnownFileType = sourcecode.swift; path = CircleImage.swift; sourceTree = "<group>"; };
		757F2ECF2C9092B100D26A23 /* MapView.swift */ = {isa = PBXFileReference; lastKnownFileType = sourcecode.swift; path = MapView.swift; sourceTree = "<group>"; };
		757F2ED32C9094AE00D26A23 /* Landmark.swift */ = {isa = PBXFileReference; lastKnownFileType = sourcecode.swift; path = Landmark.swift; sourceTree = "<group>"; };
		757F2ED52C9095ED00D26A23 /* ModelData.swift */ = {isa = PBXFileReference; lastKnownFileType = sourcecode.swift; path = ModelData.swift; sourceTree = "<group>"; };
		757F2EDB2C90968500D26A23 /* LandmarkRow.swift */ = {isa = PBXFileReference; lastKnownFileType = sourcecode.swift; path = LandmarkRow.swift; sourceTree = "<group>"; };
		757F2EDD2C90971200D26A23 /* LandmarkList.swift */ = {isa = PBXFileReference; lastKnownFileType = sourcecode.swift; path = LandmarkList.swift; sourceTree = "<group>"; };
		757F2EDF2C90977C00D26A23 /* LandmarkDetail.swift */ = {isa = PBXFileReference; lastKnownFileType = sourcecode.swift; path = LandmarkDetail.swift; sourceTree = "<group>"; };
		75D8BD672C918FA100BDE17A /* CategoryHome.swift */ = {isa = PBXFileReference; lastKnownFileType = sourcecode.swift; path = CategoryHome.swift; sourceTree = "<group>"; };
		75D8BD692C91921B00BDE17A /* CategoryRow.swift */ = {isa = PBXFileReference; lastKnownFileType = sourcecode.swift; path = CategoryRow.swift; sourceTree = "<group>"; };
		75D8BD6B2C91938300BDE17A /* CategoryItem.swift */ = {isa = PBXFileReference; lastKnownFileType = sourcecode.swift; path = CategoryItem.swift; sourceTree = "<group>"; };
		75D8BD6D2C919FE900BDE17A /* ProfileHost.swift */ = {isa = PBXFileReference; lastKnownFileType = sourcecode.swift; path = ProfileHost.swift; sourceTree = "<group>"; };
		75D8BD6F2C91A01300BDE17A /* Profile.swift */ = {isa = PBXFileReference; lastKnownFileType = sourcecode.swift; path = Profile.swift; sourceTree = "<group>"; };
		75D8BD712C91A07500BDE17A /* ProfileSummary.swift */ = {isa = PBXFileReference; lastKnownFileType = sourcecode.swift; path = ProfileSummary.swift; sourceTree = "<group>"; };
		75D8BD732C91A2DE00BDE17A /* ProfileEditor.swift */ = {isa = PBXFileReference; lastKnownFileType = sourcecode.swift; path = ProfileEditor.swift; sourceTree = "<group>"; };
		75D8BD752C91A8EA00BDE17A /* TextOverlay.swift */ = {isa = PBXFileReference; lastKnownFileType = sourcecode.swift; path = TextOverlay.swift; sourceTree = "<group>"; };
/* End PBXFileReference section */

/* Begin PBXFrameworksBuildPhase section */
		757F2EB92C9090A100D26A23 /* Frameworks */ = {
			isa = PBXFrameworksBuildPhase;
			buildActionMask = 2147483647;
			files = (
			);
			runOnlyForDeploymentPostprocessing = 0;
		};
/* End PBXFrameworksBuildPhase section */

/* Begin PBXGroup section */
		7555BAE72C90B76B00371FEB /* Helper */ = {
			isa = PBXGroup;
			children = (
				7555BAE52C90B6E200371FEB /* FavoriteButton.swift */,
				757F2ECD2C90922500D26A23 /* CircleImage.swift */,
				757F2ECF2C9092B100D26A23 /* MapView.swift */,
			);
			path = Helper;
			sourceTree = "<group>";
		};
		7555BAE82C90B77700371FEB /* Landmarks */ = {
			isa = PBXGroup;
			children = (
				757F2EDB2C90968500D26A23 /* LandmarkRow.swift */,
				757F2EDD2C90971200D26A23 /* LandmarkList.swift */,
				757F2EDF2C90977C00D26A23 /* LandmarkDetail.swift */,
			);
			path = Landmarks;
			sourceTree = "<group>";
		};
		757F2EB32C9090A100D26A23 = {
			isa = PBXGroup;
			children = (
				757F2EBE2C9090A100D26A23 /* Landmarks */,
				757F2EBD2C9090A100D26A23 /* Products */,
			);
			sourceTree = "<group>";
		};
		757F2EBD2C9090A100D26A23 /* Products */ = {
			isa = PBXGroup;
			children = (
				757F2EBC2C9090A100D26A23 /* Landmarks.app */,
			);
			name = Products;
			sourceTree = "<group>";
		};
		757F2EBE2C9090A100D26A23 /* Landmarks */ = {
			isa = PBXGroup;
			children = (
				757F2EBF2C9090A100D26A23 /* LandmarksApp.swift */,
				757F2ED82C90963C00D26A23 /* Views */,
				757F2ED92C90964A00D26A23 /* Model */,
				757F2EC32C9090A400D26A23 /* Assets.xcassets */,
				757F2EDA2C90965500D26A23 /* Resources */,
				757F2EC52C9090A400D26A23 /* Preview Content */,
			);
			path = Landmarks;
			sourceTree = "<group>";
		};
		757F2EC52C9090A400D26A23 /* Preview Content */ = {
			isa = PBXGroup;
			children = (
				757F2EC62C9090A400D26A23 /* Preview Assets.xcassets */,
			);
			path = "Preview Content";
			sourceTree = "<group>";
		};
		757F2ED82C90963C00D26A23 /* Views */ = {
			isa = PBXGroup;
			children = (
				757F2EC12C9090A100D26A23 /* ContentView.swift */,
				75D8BD672C918FA100BDE17A /* CategoryHome.swift */,
				75D8BD752C91A8EA00BDE17A /* TextOverlay.swift */,
				75D8BD692C91921B00BDE17A /* CategoryRow.swift */,
				75D8BD6B2C91938300BDE17A /* CategoryItem.swift */,
				75D8BD6D2C919FE900BDE17A /* ProfileHost.swift */,
				75D8BD732C91A2DE00BDE17A /* ProfileEditor.swift */,
				75D8BD712C91A07500BDE17A /* ProfileSummary.swift */,
				7555BAE82C90B77700371FEB /* Landmarks */,
				7555BAE72C90B76B00371FEB /* Helper */,
			);
			path = Views;
			sourceTree = "<group>";
		};
		757F2ED92C90964A00D26A23 /* Model */ = {
			isa = PBXGroup;
			children = (
				757F2ED32C9094AE00D26A23 /* Landmark.swift */,
				757F2ED52C9095ED00D26A23 /* ModelData.swift */,
				75D8BD6F2C91A01300BDE17A /* Profile.swift */,
			);
			path = Model;
			sourceTree = "<group>";
		};
		757F2EDA2C90965500D26A23 /* Resources */ = {
			isa = PBXGroup;
			children = (
				7555BAE32C90B31900371FEB /* landmarkData.json */,
			);
			path = Resources;
			sourceTree = "<group>";
		};
/* End PBXGroup section */

/* Begin PBXNativeTarget section */
		757F2EBB2C9090A100D26A23 /* Landmarks */ = {
			isa = PBXNativeTarget;
			buildConfigurationList = 757F2ECA2C9090A400D26A23 /* Build configuration list for PBXNativeTarget "Landmarks" */;
			buildPhases = (
				757F2EB82C9090A100D26A23 /* Sources */,
				757F2EB92C9090A100D26A23 /* Frameworks */,
				757F2EBA2C9090A100D26A23 /* Resources */,
			);
			buildRules = (
			);
			dependencies = (
			);
			name = Landmarks;
			productName = Landmarks;
			productReference = 757F2EBC2C9090A100D26A23 /* Landmarks.app */;
			productType = "com.apple.product-type.application";
		};
/* End PBXNativeTarget section */

/* Begin PBXProject section */
		757F2EB42C9090A100D26A23 /* Project object */ = {
			isa = PBXProject;
			attributes = {
				BuildIndependentTargetsInParallel = 1;
				LastSwiftUpdateCheck = 1540;
				LastUpgradeCheck = 1540;
				TargetAttributes = {
					757F2EBB2C9090A100D26A23 = {
						CreatedOnToolsVersion = 15.4;
					};
				};
			};
			buildConfigurationList = 757F2EB72C9090A100D26A23 /* Build configuration list for PBXProject "Landmarks" */;
			compatibilityVersion = "Xcode 14.0";
			developmentRegion = en;
			hasScannedForEncodings = 0;
			knownRegions = (
				en,
				Base,
			);
			mainGroup = 757F2EB32C9090A100D26A23;
			productRefGroup = 757F2EBD2C9090A100D26A23 /* Products */;
			projectDirPath = "";
			projectRoot = "";
			targets = (
				757F2EBB2C9090A100D26A23 /* Landmarks */,
			);
		};
/* End PBXProject section */

/* Begin PBXResourcesBuildPhase section */
		757F2EBA2C9090A100D26A23 /* Resources */ = {
			isa = PBXResourcesBuildPhase;
			buildActionMask = 2147483647;
			files = (
				757F2EC72C9090A400D26A23 /* Preview Assets.xcassets in Resources */,
				757F2EC42C9090A400D26A23 /* Assets.xcassets in Resources */,
				7555BAE42C90B31900371FEB /* landmarkData.json in Resources */,
			);
			runOnlyForDeploymentPostprocessing = 0;
		};
/* End PBXResourcesBuildPhase section */

/* Begin PBXSourcesBuildPhase section */
		757F2EB82C9090A100D26A23 /* Sources */ = {
			isa = PBXSourcesBuildPhase;
			buildActionMask = 2147483647;
			files = (
				757F2EC22C9090A100D26A23 /* ContentView.swift in Sources */,
				75D8BD702C91A01300BDE17A /* Profile.swift in Sources */,
				757F2ED02C9092B100D26A23 /* MapView.swift in Sources */,
				757F2EC02C9090A100D26A23 /* LandmarksApp.swift in Sources */,
				7555BAE62C90B6E200371FEB /* FavoriteButton.swift in Sources */,
				75D8BD682C918FA100BDE17A /* CategoryHome.swift in Sources */,
				757F2EDE2C90971200D26A23 /* LandmarkList.swift in Sources */,
				757F2EE02C90977C00D26A23 /* LandmarkDetail.swift in Sources */,
				757F2ECE2C90922500D26A23 /* CircleImage.swift in Sources */,
				75D8BD6C2C91938400BDE17A /* CategoryItem.swift in Sources */,
				75D8BD6E2C919FE900BDE17A /* ProfileHost.swift in Sources */,
				757F2ED42C9094AE00D26A23 /* Landmark.swift in Sources */,
				757F2EDC2C90968500D26A23 /* LandmarkRow.swift in Sources */,
				75D8BD6A2C91921B00BDE17A /* CategoryRow.swift in Sources */,
				75D8BD742C91A2DE00BDE17A /* ProfileEditor.swift in Sources */,
				75D8BD762C91A8EA00BDE17A /* TextOverlay.swift in Sources */,
				75D8BD722C91A07500BDE17A /* ProfileSummary.swift in Sources */,
				757F2ED62C9095ED00D26A23 /* ModelData.swift in Sources */,
			);
			runOnlyForDeploymentPostprocessing = 0;
		};
/* End PBXSourcesBuildPhase section */

/* Begin XCBuildConfiguration section */
		757F2EC82C9090A400D26A23 /* Debug */ = {
			isa = XCBuildConfiguration;
			buildSettings = {
				ALWAYS_SEARCH_USER_PATHS = NO;
				ASSETCATALOG_COMPILER_GENERATE_SWIFT_ASSET_SYMBOL_EXTENSIONS = YES;
				CLANG_ANALYZER_NONNULL = YES;
				CLANG_ANALYZER_NUMBER_OBJECT_CONVERSION = YES_AGGRESSIVE;
				CLANG_CXX_LANGUAGE_STANDARD = "gnu++20";
				CLANG_ENABLE_MODULES = YES;
				CLANG_ENABLE_OBJC_ARC = YES;
				CLANG_ENABLE_OBJC_WEAK = YES;
				CLANG_WARN_BLOCK_CAPTURE_AUTORELEASING = YES;
				CLANG_WARN_BOOL_CONVERSION = YES;
				CLANG_WARN_COMMA = YES;
				CLANG_WARN_CONSTANT_CONVERSION = YES;
				CLANG_WARN_DEPRECATED_OBJC_IMPLEMENTATIONS = YES;
				CLANG_WARN_DIRECT_OBJC_ISA_USAGE = YES_ERROR;
				CLANG_WARN_DOCUMENTATION_COMMENTS = YES;
				CLANG_WARN_EMPTY_BODY = YES;
				CLANG_WARN_ENUM_CONVERSION = YES;
				CLANG_WARN_INFINITE_RECURSION = YES;
				CLANG_WARN_INT_CONVERSION = YES;
				CLANG_WARN_NON_LITERAL_NULL_CONVERSION = YES;
				CLANG_WARN_OBJC_IMPLICIT_RETAIN_SELF = YES;
				CLANG_WARN_OBJC_LITERAL_CONVERSION = YES;
				CLANG_WARN_OBJC_ROOT_CLASS = YES_ERROR;
				CLANG_WARN_QUOTED_INCLUDE_IN_FRAMEWORK_HEADER = YES;
				CLANG_WARN_RANGE_LOOP_ANALYSIS = YES;
				CLANG_WARN_STRICT_PROTOTYPES = YES;
				CLANG_WARN_SUSPICIOUS_MOVE = YES;
				CLANG_WARN_UNGUARDED_AVAILABILITY = YES_AGGRESSIVE;
				CLANG_WARN_UNREACHABLE_CODE = YES;
				CLANG_WARN__DUPLICATE_METHOD_MATCH = YES;
				COPY_PHASE_STRIP = NO;
				DEBUG_INFORMATION_FORMAT = dwarf;
				ENABLE_STRICT_OBJC_MSGSEND = YES;
				ENABLE_TESTABILITY = YES;
				ENABLE_USER_SCRIPT_SANDBOXING = YES;
				GCC_C_LANGUAGE_STANDARD = gnu17;
				GCC_DYNAMIC_NO_PIC = NO;
				GCC_NO_COMMON_BLOCKS = YES;
				GCC_OPTIMIZATION_LEVEL = 0;
				GCC_PREPROCESSOR_DEFINITIONS = (
					"DEBUG=1",
					"$(inherited)",
				);
				GCC_WARN_64_TO_32_BIT_CONVERSION = YES;
				GCC_WARN_ABOUT_RETURN_TYPE = YES_ERROR;
				GCC_WARN_UNDECLARED_SELECTOR = YES;
				GCC_WARN_UNINITIALIZED_AUTOS = YES_AGGRESSIVE;
				GCC_WARN_UNUSED_FUNCTION = YES;
				GCC_WARN_UNUSED_VARIABLE = YES;
				IPHONEOS_DEPLOYMENT_TARGET = 17.5;
				LOCALIZATION_PREFERS_STRING_CATALOGS = YES;
				MTL_ENABLE_DEBUG_INFO = INCLUDE_SOURCE;
				MTL_FAST_MATH = YES;
				ONLY_ACTIVE_ARCH = YES;
				SDKROOT = iphoneos;
				SWIFT_ACTIVE_COMPILATION_CONDITIONS = "DEBUG $(inherited)";
				SWIFT_OPTIMIZATION_LEVEL = "-Onone";
			};
			name = Debug;
		};
		757F2EC92C9090A400D26A23 /* Release */ = {
			isa = XCBuildConfiguration;
			buildSettings = {
				ALWAYS_SEARCH_USER_PATHS = NO;
				ASSETCATALOG_COMPILER_GENERATE_SWIFT_ASSET_SYMBOL_EXTENSIONS = YES;
				CLANG_ANALYZER_NONNULL = YES;
				CLANG_ANALYZER_NUMBER_OBJECT_CONVERSION = YES_AGGRESSIVE;
				CLANG_CXX_LANGUAGE_STANDARD = "gnu++20";
				CLANG_ENABLE_MODULES = YES;
				CLANG_ENABLE_OBJC_ARC = YES;
				CLANG_ENABLE_OBJC_WEAK = YES;
				CLANG_WARN_BLOCK_CAPTURE_AUTORELEASING = YES;
				CLANG_WARN_BOOL_CONVERSION = YES;
				CLANG_WARN_COMMA = YES;
				CLANG_WARN_CONSTANT_CONVERSION = YES;
				CLANG_WARN_DEPRECATED_OBJC_IMPLEMENTATIONS = YES;
				CLANG_WARN_DIRECT_OBJC_ISA_USAGE = YES_ERROR;
				CLANG_WARN_DOCUMENTATION_COMMENTS = YES;
				CLANG_WARN_EMPTY_BODY = YES;
				CLANG_WARN_ENUM_CONVERSION = YES;
				CLANG_WARN_INFINITE_RECURSION = YES;
				CLANG_WARN_INT_CONVERSION = YES;
				CLANG_WARN_NON_LITERAL_NULL_CONVERSION = YES;
				CLANG_WARN_OBJC_IMPLICIT_RETAIN_SELF = YES;
				CLANG_WARN_OBJC_LITERAL_CONVERSION = YES;
				CLANG_WARN_OBJC_ROOT_CLASS = YES_ERROR;
				CLANG_WARN_QUOTED_INCLUDE_IN_FRAMEWORK_HEADER = YES;
				CLANG_WARN_RANGE_LOOP_ANALYSIS = YES;
				CLANG_WARN_STRICT_PROTOTYPES = YES;
				CLANG_WARN_SUSPICIOUS_MOVE = YES;
				CLANG_WARN_UNGUARDED_AVAILABILITY = YES_AGGRESSIVE;
				CLANG_WARN_UNREACHABLE_CODE = YES;
				CLANG_WARN__DUPLICATE_METHOD_MATCH = YES;
				COPY_PHASE_STRIP = NO;
				DEBUG_INFORMATION_FORMAT = "dwarf-with-dsym";
				ENABLE_NS_ASSERTIONS = NO;
				ENABLE_STRICT_OBJC_MSGSEND = YES;
				ENABLE_USER_SCRIPT_SANDBOXING = YES;
				GCC_C_LANGUAGE_STANDARD = gnu17;
				GCC_NO_COMMON_BLOCKS = YES;
				GCC_WARN_64_TO_32_BIT_CONVERSION = YES;
				GCC_WARN_ABOUT_RETURN_TYPE = YES_ERROR;
				GCC_WARN_UNDECLARED_SELECTOR = YES;
				GCC_WARN_UNINITIALIZED_AUTOS = YES_AGGRESSIVE;
				GCC_WARN_UNUSED_FUNCTION = YES;
				GCC_WARN_UNUSED_VARIABLE = YES;
				IPHONEOS_DEPLOYMENT_TARGET = 17.5;
				LOCALIZATION_PREFERS_STRING_CATALOGS = YES;
				MTL_ENABLE_DEBUG_INFO = NO;
				MTL_FAST_MATH = YES;
				SDKROOT = iphoneos;
				SWIFT_COMPILATION_MODE = wholemodule;
				VALIDATE_PRODUCT = YES;
			};
			name = Release;
		};
		757F2ECB2C9090A400D26A23 /* Debug */ = {
			isa = XCBuildConfiguration;
			buildSettings = {
				ASSETCATALOG_COMPILER_APPICON_NAME = AppIcon;
				ASSETCATALOG_COMPILER_GLOBAL_ACCENT_COLOR_NAME = AccentColor;
				CODE_SIGN_STYLE = Automatic;
				CURRENT_PROJECT_VERSION = 1;
				DEVELOPMENT_ASSET_PATHS = "\"Landmarks/Preview Content\"";
				DEVELOPMENT_TEAM = RXT2M7N32D;
				ENABLE_PREVIEWS = YES;
				GENERATE_INFOPLIST_FILE = YES;
				INFOPLIST_KEY_UIApplicationSceneManifest_Generation = YES;
				INFOPLIST_KEY_UIApplicationSupportsIndirectInputEvents = YES;
				INFOPLIST_KEY_UILaunchScreen_Generation = YES;
				INFOPLIST_KEY_UISupportedInterfaceOrientations_iPad = "UIInterfaceOrientationPortrait UIInterfaceOrientationPortraitUpsideDown UIInterfaceOrientationLandscapeLeft UIInterfaceOrientationLandscapeRight";
				INFOPLIST_KEY_UISupportedInterfaceOrientations_iPhone = "UIInterfaceOrientationPortrait UIInterfaceOrientationLandscapeLeft UIInterfaceOrientationLandscapeRight";
				LD_RUNPATH_SEARCH_PATHS = (
					"$(inherited)",
					"@executable_path/Frameworks",
				);
				MARKETING_VERSION = 1.0;
				PRODUCT_BUNDLE_IDENTIFIER = com.rj.Landmarks;
				PRODUCT_NAME = "$(TARGET_NAME)";
				SWIFT_EMIT_LOC_STRINGS = YES;
				SWIFT_VERSION = 5.0;
				TARGETED_DEVICE_FAMILY = "1,2";
			};
			name = Debug;
		};
		757F2ECC2C9090A400D26A23 /* Release */ = {
			isa = XCBuildConfiguration;
			buildSettings = {
				ASSETCATALOG_COMPILER_APPICON_NAME = AppIcon;
				ASSETCATALOG_COMPILER_GLOBAL_ACCENT_COLOR_NAME = AccentColor;
				CODE_SIGN_STYLE = Automatic;
				CURRENT_PROJECT_VERSION = 1;
				DEVELOPMENT_ASSET_PATHS = "\"Landmarks/Preview Content\"";
				DEVELOPMENT_TEAM = RXT2M7N32D;
				ENABLE_PREVIEWS = YES;
				GENERATE_INFOPLIST_FILE = YES;
				INFOPLIST_KEY_UIApplicationSceneManifest_Generation = YES;
				INFOPLIST_KEY_UIApplicationSupportsIndirectInputEvents = YES;
				INFOPLIST_KEY_UILaunchScreen_Generation = YES;
				INFOPLIST_KEY_UISupportedInterfaceOrientations_iPad = "UIInterfaceOrientationPortrait UIInterfaceOrientationPortraitUpsideDown UIInterfaceOrientationLandscapeLeft UIInterfaceOrientationLandscapeRight";
				INFOPLIST_KEY_UISupportedInterfaceOrientations_iPhone = "UIInterfaceOrientationPortrait UIInterfaceOrientationLandscapeLeft UIInterfaceOrientationLandscapeRight";
				LD_RUNPATH_SEARCH_PATHS = (
					"$(inherited)",
					"@executable_path/Frameworks",
				);
				MARKETING_VERSION = 1.0;
				PRODUCT_BUNDLE_IDENTIFIER = com.rj.Landmarks;
				PRODUCT_NAME = "$(TARGET_NAME)";
				SWIFT_EMIT_LOC_STRINGS = YES;
				SWIFT_VERSION = 5.0;
				TARGETED_DEVICE_FAMILY = "1,2";
			};
			name = Release;
		};
/* End XCBuildConfiguration section */

/* Begin XCConfigurationList section */
		757F2EB72C9090A100D26A23 /* Build configuration list for PBXProject "Landmarks" */ = {
			isa = XCConfigurationList;
			buildConfigurations = (
				757F2EC82C9090A400D26A23 /* Debug */,
				757F2EC92C9090A400D26A23 /* Release */,
			);
			defaultConfigurationIsVisible = 0;
			defaultConfigurationName = Release;
		};
		757F2ECA2C9090A400D26A23 /* Build configuration list for PBXNativeTarget "Landmarks" */ = {
			isa = XCConfigurationList;
			buildConfigurations = (
				757F2ECB2C9090A400D26A23 /* Debug */,
				757F2ECC2C9090A400D26A23 /* Release */,
			);
			defaultConfigurationIsVisible = 0;
			defaultConfigurationName = Release;
		};
/* End XCConfigurationList section */
	};
	rootObject = 757F2EB42C9090A100D26A23 /* Project object */;
}
